<?xml version="1.0" encoding="utf-8"?>
<Project ToolsVersion="4.0" xmlns="http://schemas.microsoft.com/developer/msbuild/2003">
  <ItemGroup>
    <Filter Include="Source Files">
      <UniqueIdentifier>{0465ef4f-be03-463e-81e5-5a399f32620f}</UniqueIdentifier>
      <Extensions>.cpp</Extensions>
    </Filter>
    <Filter Include="Header Files">
      <UniqueIdentifier>{1e9e61cf-0e3c-4b79-955f-9f077eabdb3e}</UniqueIdentifier>
      <Extensions>.;.h</Extensions>
    </Filter>
    <Filter Include="Miscellaneous">
      <UniqueIdentifier>{5e447502-2b0f-49c8-9df5-45ea9e7fcfbd}</UniqueIdentifier>
    </Filter>
  </ItemGroup>
  <ItemGroup>
    <ClCompile Include="vanilla\3way.cpp">
      <Filter>Source Files</Filter>
    </ClCompile>
    <ClCompile Include="vanilla\adler32.cpp">
      <Filter>Source Files</Filter>
    </ClCompile>
    <ClCompile Include="vanilla\algebra.cpp">
      <Filter>Source Files</Filter>
    </ClCompile>
    <ClCompile Include="vanilla\algparam.cpp">
      <Filter>Source Files</Filter>
    </ClCompile>
    <ClCompile Include="vanilla\arc4.cpp">
      <Filter>Source Files</Filter>
    </ClCompile>
    <ClCompile Include="vanilla\asn.cpp">
      <Filter>Source Files</Filter>
    </ClCompile>
    <ClCompile Include="vanilla\authenc.cpp">
      <Filter>Source Files</Filter>
    </ClCompile>
    <ClCompile Include="vanilla\base32.cpp">
      <Filter>Source Files</Filter>
    </ClCompile>
    <ClCompile Include="vanilla\base64.cpp">
      <Filter>Source Files</Filter>
    </ClCompile>
    <ClCompile Include="vanilla\basecode.cpp">
      <Filter>Source Files</Filter>
    </ClCompile>
    <ClCompile Include="vanilla\bfinit.cpp">
      <Filter>Source Files</Filter>
    </ClCompile>
    <ClCompile Include="vanilla\blake2.cpp">
      <Filter>Source Files</Filter>
    </ClCompile>
    <ClCompile Include="vanilla\blowfish.cpp">
      <Filter>Source Files</Filter>
    </ClCompile>
    <ClCompile Include="vanilla\blumshub.cpp">
      <Filter>Source Files</Filter>
    </ClCompile>
    <ClCompile Include="vanilla\camellia.cpp">
      <Filter>Source Files</Filter>
    </ClCompile>
    <ClCompile Include="vanilla\cast.cpp">
      <Filter>Source Files</Filter>
    </ClCompile>
    <ClCompile Include="vanilla\casts.cpp">
      <Filter>Source Files</Filter>
    </ClCompile>
    <ClCompile Include="vanilla\cbcmac.cpp">
      <Filter>Source Files</Filter>
    </ClCompile>
    <ClCompile Include="vanilla\ccm.cpp">
      <Filter>Source Files</Filter>
    </ClCompile>
    <ClCompile Include="vanilla\chacha.cpp">
      <Filter>Source Files</Filter>
    </ClCompile>
    <ClCompile Include="vanilla\channels.cpp">
      <Filter>Source Files</Filter>
    </ClCompile>
    <ClCompile Include="vanilla\cmac.cpp">
      <Filter>Source Files</Filter>
    </ClCompile>
    <ClCompile Include="vanilla\cpu.cpp">
      <Filter>Source Files</Filter>
    </ClCompile>
    <ClCompile Include="vanilla\crc.cpp">
      <Filter>Source Files</Filter>
    </ClCompile>
    <ClCompile Include="vanilla\cryptlib.cpp">
      <Filter>Source Files</Filter>
    </ClCompile>
    <ClCompile Include="vanilla\default.cpp">
      <Filter>Source Files</Filter>
    </ClCompile>
    <ClCompile Include="vanilla\des.cpp">
      <Filter>Source Files</Filter>
    </ClCompile>
    <ClCompile Include="vanilla\dessp.cpp">
      <Filter>Source Files</Filter>
    </ClCompile>
    <ClCompile Include="vanilla\dh.cpp">
      <Filter>Source Files</Filter>
    </ClCompile>
    <ClCompile Include="vanilla\dh2.cpp">
      <Filter>Source Files</Filter>
    </ClCompile>
    <ClCompile Include="vanilla\dll.cpp">
      <Filter>Source Files</Filter>
    </ClCompile>
    <ClCompile Include="vanilla\dsa.cpp">
      <Filter>Source Files</Filter>
    </ClCompile>
    <ClCompile Include="vanilla\eax.cpp">
      <Filter>Source Files</Filter>
    </ClCompile>
    <ClCompile Include="vanilla\ec2n.cpp">
      <Filter>Source Files</Filter>
    </ClCompile>
    <ClCompile Include="vanilla\eccrypto.cpp">
      <Filter>Source Files</Filter>
    </ClCompile>
    <ClCompile Include="vanilla\ecp.cpp">
      <Filter>Source Files</Filter>
    </ClCompile>
    <ClCompile Include="vanilla\elgamal.cpp">
      <Filter>Source Files</Filter>
    </ClCompile>
    <ClCompile Include="vanilla\emsa2.cpp">
      <Filter>Source Files</Filter>
    </ClCompile>
    <ClCompile Include="vanilla\eprecomp.cpp">
      <Filter>Source Files</Filter>
    </ClCompile>
    <ClCompile Include="vanilla\esign.cpp">
      <Filter>Source Files</Filter>
    </ClCompile>
    <ClCompile Include="vanilla\files.cpp">
      <Filter>Source Files</Filter>
    </ClCompile>
    <ClCompile Include="vanilla\filters.cpp">
      <Filter>Source Files</Filter>
    </ClCompile>
    <ClCompile Include="vanilla\fips140.cpp">
      <Filter>Source Files</Filter>
    </ClCompile>
    <ClCompile Include="vanilla\fipstest.cpp">
      <Filter>Source Files</Filter>
    </ClCompile>
    <ClCompile Include="vanilla\gcm.cpp">
      <Filter>Source Files</Filter>
    </ClCompile>
    <ClCompile Include="vanilla\gf256.cpp">
      <Filter>Source Files</Filter>
    </ClCompile>
    <ClCompile Include="vanilla\gf2_32.cpp">
      <Filter>Source Files</Filter>
    </ClCompile>
    <ClCompile Include="vanilla\gf2n.cpp">
      <Filter>Source Files</Filter>
    </ClCompile>
    <ClCompile Include="vanilla\gfpcrypt.cpp">
      <Filter>Source Files</Filter>
    </ClCompile>
    <ClCompile Include="vanilla\gost.cpp">
      <Filter>Source Files</Filter>
    </ClCompile>
    <ClCompile Include="vanilla\gzip.cpp">
      <Filter>Source Files</Filter>
    </ClCompile>
    <ClCompile Include="vanilla\hex.cpp">
      <Filter>Source Files</Filter>
    </ClCompile>
    <ClCompile Include="vanilla\hmac.cpp">
      <Filter>Source Files</Filter>
    </ClCompile>
    <ClCompile Include="vanilla\hrtimer.cpp">
      <Filter>Source Files</Filter>
    </ClCompile>
    <ClCompile Include="vanilla\ida.cpp">
      <Filter>Source Files</Filter>
    </ClCompile>
    <ClCompile Include="vanilla\idea.cpp">
      <Filter>Source Files</Filter>
    </ClCompile>
    <ClCompile Include="vanilla\integer.cpp">
      <Filter>Source Files</Filter>
    </ClCompile>
    <ClCompile Include="vanilla\iterhash.cpp">
      <Filter>Source Files</Filter>
    </ClCompile>
    <ClCompile Include="vanilla\keccak.cpp">
      <Filter>Source Files</Filter>
    </ClCompile>
    <ClCompile Include="vanilla\luc.cpp">
      <Filter>Source Files</Filter>
    </ClCompile>
    <ClCompile Include="vanilla\mars.cpp">
      <Filter>Source Files</Filter>
    </ClCompile>
    <ClCompile Include="vanilla\marss.cpp">
      <Filter>Source Files</Filter>
    </ClCompile>
    <ClCompile Include="vanilla\md2.cpp">
      <Filter>Source Files</Filter>
    </ClCompile>
    <ClCompile Include="vanilla\md4.cpp">
      <Filter>Source Files</Filter>
    </ClCompile>
    <ClCompile Include="vanilla\md5.cpp">
      <Filter>Source Files</Filter>
    </ClCompile>
    <ClCompile Include="vanilla\misc.cpp">
      <Filter>Source Files</Filter>
    </ClCompile>
    <ClCompile Include="vanilla\modes.cpp">
      <Filter>Source Files</Filter>
    </ClCompile>
    <ClCompile Include="vanilla\mqueue.cpp">
      <Filter>Source Files</Filter>
    </ClCompile>
    <ClCompile Include="vanilla\mqv.cpp">
      <Filter>Source Files</Filter>
    </ClCompile>
    <ClCompile Include="vanilla\nbtheory.cpp">
      <Filter>Source Files</Filter>
    </ClCompile>
    <ClCompile Include="vanilla\network.cpp">
      <Filter>Source Files</Filter>
    </ClCompile>
    <ClCompile Include="vanilla\oaep.cpp">
      <Filter>Source Files</Filter>
    </ClCompile>
    <ClCompile Include="vanilla\osrng.cpp">
      <Filter>Source Files</Filter>
    </ClCompile>
    <ClCompile Include="vanilla\panama.cpp">
      <Filter>Source Files</Filter>
    </ClCompile>
    <ClCompile Include="vanilla\pch.cpp">
      <Filter>Source Files</Filter>
    </ClCompile>
    <ClCompile Include="vanilla\pkcspad.cpp">
      <Filter>Source Files</Filter>
    </ClCompile>
    <ClCompile Include="vanilla\polynomi.cpp">
      <Filter>Source Files</Filter>
    </ClCompile>
    <ClCompile Include="vanilla\pssr.cpp">
      <Filter>Source Files</Filter>
    </ClCompile>
    <ClCompile Include="vanilla\pubkey.cpp">
      <Filter>Source Files</Filter>
    </ClCompile>
    <ClCompile Include="vanilla\queue.cpp">
      <Filter>Source Files</Filter>
    </ClCompile>
    <ClCompile Include="vanilla\rabin.cpp">
      <Filter>Source Files</Filter>
    </ClCompile>
    <ClCompile Include="vanilla\randpool.cpp">
      <Filter>Source Files</Filter>
    </ClCompile>
    <ClCompile Include="vanilla\rc2.cpp">
      <Filter>Source Files</Filter>
    </ClCompile>
    <ClCompile Include="vanilla\rc5.cpp">
      <Filter>Source Files</Filter>
    </ClCompile>
    <ClCompile Include="vanilla\rc6.cpp">
      <Filter>Source Files</Filter>
    </ClCompile>
    <ClCompile Include="vanilla\rdrand.cpp">
      <Filter>Source Files</Filter>
    </ClCompile>
    <ClCompile Include="vanilla\rdtables.cpp">
      <Filter>Source Files</Filter>
    </ClCompile>
    <ClCompile Include="vanilla\rijndael.cpp">
      <Filter>Source Files</Filter>
    </ClCompile>
    <ClCompile Include="vanilla\ripemd.cpp">
      <Filter>Source Files</Filter>
    </ClCompile>
    <ClCompile Include="vanilla\rng.cpp">
      <Filter>Source Files</Filter>
    </ClCompile>
    <ClCompile Include="vanilla\rsa.cpp">
      <Filter>Source Files</Filter>
    </ClCompile>
    <ClCompile Include="vanilla\rw.cpp">
      <Filter>Source Files</Filter>
    </ClCompile>
    <ClCompile Include="vanilla\safer.cpp">
      <Filter>Source Files</Filter>
    </ClCompile>
    <ClCompile Include="vanilla\salsa.cpp">
      <Filter>Source Files</Filter>
    </ClCompile>
    <ClCompile Include="vanilla\seal.cpp">
      <Filter>Source Files</Filter>
    </ClCompile>
    <ClCompile Include="vanilla\seed.cpp">
      <Filter>Source Files</Filter>
    </ClCompile>
    <ClCompile Include="vanilla\serpent.cpp">
      <Filter>Source Files</Filter>
    </ClCompile>
    <ClCompile Include="vanilla\sha.cpp">
      <Filter>Source Files</Filter>
    </ClCompile>
    <ClCompile Include="vanilla\sha3.cpp">
      <Filter>Source Files</Filter>
    </ClCompile>
    <ClCompile Include="vanilla\shacal2.cpp">
      <Filter>Source Files</Filter>
    </ClCompile>
    <ClCompile Include="vanilla\shark.cpp">
      <Filter>Source Files</Filter>
    </ClCompile>
    <ClCompile Include="vanilla\sharkbox.cpp">
      <Filter>Source Files</Filter>
    </ClCompile>
    <ClCompile Include="vanilla\simple.cpp">
      <Filter>Source Files</Filter>
    </ClCompile>
    <ClCompile Include="vanilla\skipjack.cpp">
      <Filter>Source Files</Filter>
    </ClCompile>
    <ClCompile Include="vanilla\socketft.cpp">
      <Filter>Source Files</Filter>
    </ClCompile>
    <ClCompile Include="vanilla\sosemanuk.cpp">
      <Filter>Source Files</Filter>
    </ClCompile>
    <ClCompile Include="vanilla\square.cpp">
      <Filter>Source Files</Filter>
    </ClCompile>
    <ClCompile Include="vanilla\squaretb.cpp">
      <Filter>Source Files</Filter>
    </ClCompile>
    <ClCompile Include="vanilla\strciphr.cpp">
      <Filter>Source Files</Filter>
    </ClCompile>
    <ClCompile Include="vanilla\tea.cpp">
      <Filter>Source Files</Filter>
    </ClCompile>
    <ClCompile Include="vanilla\tftables.cpp">
      <Filter>Source Files</Filter>
    </ClCompile>
    <ClCompile Include="vanilla\tiger.cpp">
      <Filter>Source Files</Filter>
    </ClCompile>
    <ClCompile Include="vanilla\tigertab.cpp">
      <Filter>Source Files</Filter>
    </ClCompile>
    <ClCompile Include="vanilla\trdlocal.cpp">
      <Filter>Source Files</Filter>
    </ClCompile>
    <ClCompile Include="vanilla\ttmac.cpp">
      <Filter>Source Files</Filter>
    </ClCompile>
    <ClCompile Include="vanilla\twofish.cpp">
      <Filter>Source Files</Filter>
    </ClCompile>
    <ClCompile Include="vanilla\vmac.cpp">
      <Filter>Source Files</Filter>
    </ClCompile>
    <ClCompile Include="vanilla\wait.cpp">
      <Filter>Source Files</Filter>
    </ClCompile>
    <ClCompile Include="vanilla\wake.cpp">
      <Filter>Source Files</Filter>
    </ClCompile>
    <ClCompile Include="vanilla\whrlpool.cpp">
      <Filter>Source Files</Filter>
    </ClCompile>
    <ClCompile Include="vanilla\winpipes.cpp">
      <Filter>Source Files</Filter>
    </ClCompile>
    <ClCompile Include="vanilla\xtr.cpp">
      <Filter>Source Files</Filter>
    </ClCompile>
    <ClCompile Include="vanilla\xtrcrypt.cpp">
      <Filter>Source Files</Filter>
    </ClCompile>
    <ClCompile Include="vanilla\zdeflate.cpp">
      <Filter>Source Files</Filter>
    </ClCompile>
    <ClCompile Include="vanilla\zinflate.cpp">
      <Filter>Source Files</Filter>
    </ClCompile>
    <ClCompile Include="vanilla\zlib.cpp">
      <Filter>Source Files</Filter>
    </ClCompile>
  </ItemGroup>
  <ItemGroup>
    <None Include="vanilla\Doxyfile">
      <Filter>Miscellaneous</Filter>
    </None>
    <None Include="vanilla\GNUmakefile">
      <Filter>Miscellaneous</Filter>
    </None>
    <None Include="vanilla\License.txt">
      <Filter>Miscellaneous</Filter>
    </None>
    <None Include="vanilla\Readme.txt">
      <Filter>Miscellaneous</Filter>
    </None>
  </ItemGroup>
  <ItemGroup>
    <ClInclude Include="vanilla\3way.h">
      <Filter>Header Files</Filter>
    </ClInclude>
    <ClInclude Include="vanilla\adler32.h">
      <Filter>Header Files</Filter>
    </ClInclude>
    <ClInclude Include="vanilla\aes.h">
      <Filter>Header Files</Filter>
    </ClInclude>
    <ClInclude Include="vanilla\algebra.h">
      <Filter>Header Files</Filter>
    </ClInclude>
    <ClInclude Include="vanilla\algparam.h">
      <Filter>Header Files</Filter>
    </ClInclude>
    <ClInclude Include="vanilla\arc4.h">
      <Filter>Header Files</Filter>
    </ClInclude>
    <ClInclude Include="vanilla\argnames.h">
      <Filter>Header Files</Filter>
    </ClInclude>
    <ClInclude Include="vanilla\asn.h">
      <Filter>Header Files</Filter>
    </ClInclude>
    <ClInclude Include="vanilla\authenc.h">
      <Filter>Header Files</Filter>
    </ClInclude>
    <ClInclude Include="vanilla\base32.h">
      <Filter>Header Files</Filter>
    </ClInclude>
    <ClInclude Include="vanilla\base64.h">
      <Filter>Header Files</Filter>
    </ClInclude>
    <ClInclude Include="vanilla\basecode.h">
      <Filter>Header Files</Filter>
    </ClInclude>
    <ClInclude Include="vanilla\blake2.h">
      <Filter>Header Files</Filter>
    </ClInclude>
    <ClInclude Include="vanilla\blowfish.h">
      <Filter>Header Files</Filter>
    </ClInclude>
    <ClInclude Include="vanilla\blumshub.h">
      <Filter>Header Files</Filter>
    </ClInclude>
    <ClInclude Include="vanilla\camellia.h">
      <Filter>Header Files</Filter>
    </ClInclude>
    <ClInclude Include="vanilla\cast.h">
      <Filter>Header Files</Filter>
    </ClInclude>
    <ClInclude Include="vanilla\cbcmac.h">
      <Filter>Header Files</Filter>
    </ClInclude>
    <ClInclude Include="vanilla\ccm.h">
      <Filter>Header Files</Filter>
    </ClInclude>
    <ClInclude Include="vanilla\channels.h">
      <Filter>Header Files</Filter>
    </ClInclude>
    <ClInclude Include="vanilla\cmac.h">
      <Filter>Header Files</Filter>
    </ClInclude>
    <ClInclude Include="vanilla\config.h">
      <Filter>Header Files</Filter>
    </ClInclude>
    <ClInclude Include="vanilla\cpu.h">
      <Filter>Header Files</Filter>
    </ClInclude>
    <ClInclude Include="vanilla\crc.h">
      <Filter>Header Files</Filter>
    </ClInclude>
    <ClInclude Include="vanilla\cryptlib.h">
      <Filter>Header Files</Filter>
    </ClInclude>
    <ClInclude Include="vanilla\default.h">
      <Filter>Header Files</Filter>
    </ClInclude>
    <ClInclude Include="vanilla\des.h">
      <Filter>Header Files</Filter>
    </ClInclude>
    <ClInclude Include="vanilla\dh.h">
      <Filter>Header Files</Filter>
    </ClInclude>
    <ClInclude Include="vanilla\dh2.h">
      <Filter>Header Files</Filter>
    </ClInclude>
    <ClInclude Include="vanilla\dmac.h">
      <Filter>Header Files</Filter>
    </ClInclude>
    <ClInclude Include="vanilla\dsa.h">
      <Filter>Header Files</Filter>
    </ClInclude>
    <ClInclude Include="vanilla\eax.h">
      <Filter>Header Files</Filter>
    </ClInclude>
    <ClInclude Include="vanilla\ec2n.h">
      <Filter>Header Files</Filter>
    </ClInclude>
    <ClInclude Include="vanilla\eccrypto.h">
      <Filter>Header Files</Filter>
    </ClInclude>
    <ClInclude Include="vanilla\ecp.h">
      <Filter>Header Files</Filter>
    </ClInclude>
    <ClInclude Include="vanilla\elgamal.h">
      <Filter>Header Files</Filter>
    </ClInclude>
    <ClInclude Include="vanilla\emsa2.h">
      <Filter>Header Files</Filter>
    </ClInclude>
    <ClInclude Include="vanilla\eprecomp.h">
      <Filter>Header Files</Filter>
    </ClInclude>
    <ClInclude Include="vanilla\esign.h">
      <Filter>Header Files</Filter>
    </ClInclude>
    <ClInclude Include="vanilla\files.h">
      <Filter>Header Files</Filter>
    </ClInclude>
    <ClInclude Include="vanilla\filters.h">
      <Filter>Header Files</Filter>
    </ClInclude>
    <ClInclude Include="vanilla\fips140.h">
      <Filter>Header Files</Filter>
    </ClInclude>
    <ClInclude Include="vanilla\fhmqv.h">
      <Filter>Header Files</Filter>
    </ClInclude>
    <ClInclude Include="vanilla\fltrimpl.h">
      <Filter>Header Files</Filter>
    </ClInclude>
    <ClInclude Include="vanilla\gcm.h">
      <Filter>Header Files</Filter>
    </ClInclude>
    <ClInclude Include="vanilla\gf256.h">
      <Filter>Header Files</Filter>
    </ClInclude>
    <ClInclude Include="vanilla\gf2_32.h">
      <Filter>Header Files</Filter>
    </ClInclude>
    <ClInclude Include="vanilla\gf2n.h">
      <Filter>Header Files</Filter>
    </ClInclude>
    <ClInclude Include="vanilla\gfpcrypt.h">
      <Filter>Header Files</Filter>
    </ClInclude>
    <ClInclude Include="vanilla\gost.h">
      <Filter>Header Files</Filter>
    </ClInclude>
    <ClInclude Include="vanilla\gzip.h">
      <Filter>Header Files</Filter>
    </ClInclude>
    <ClInclude Include="vanilla\hex.h">
      <Filter>Header Files</Filter>
    </ClInclude>
    <ClInclude Include="vanilla\hkdf.h">
      <Filter>Header Files</Filter>
    </ClInclude>
    <ClInclude Include="vanilla\hmac.h">
      <Filter>Header Files</Filter>
    </ClInclude>
    <ClInclude Include="vanilla\hmqv.h">
      <Filter>Header Files</Filter>
    </ClInclude>
    <ClInclude Include="vanilla\hrtimer.h">
      <Filter>Header Files</Filter>
    </ClInclude>
    <ClInclude Include="vanilla\ida.h">
      <Filter>Header Files</Filter>
    </ClInclude>
    <ClInclude Include="vanilla\idea.h">
      <Filter>Header Files</Filter>
    </ClInclude>
    <ClInclude Include="vanilla\integer.h">
      <Filter>Header Files</Filter>
    </ClInclude>
    <ClInclude Include="vanilla\iterhash.h">
      <Filter>Header Files</Filter>
    </ClInclude>
    <ClInclude Include="vanilla\keccak.h">
      <Filter>Header Files</Filter>
    </ClInclude>
    <ClInclude Include="vanilla\lubyrack.h">
      <Filter>Header Files</Filter>
    </ClInclude>
    <ClInclude Include="vanilla\luc.h">
      <Filter>Header Files</Filter>
    </ClInclude>
    <ClInclude Include="vanilla\mars.h">
      <Filter>Header Files</Filter>
    </ClInclude>
    <ClInclude Include="vanilla\md2.h">
      <Filter>Header Files</Filter>
    </ClInclude>
    <ClInclude Include="vanilla\md4.h">
      <Filter>Header Files</Filter>
    </ClInclude>
    <ClInclude Include="vanilla\md5.h">
      <Filter>Header Files</Filter>
    </ClInclude>
    <ClInclude Include="vanilla\mdc.h">
      <Filter>Header Files</Filter>
    </ClInclude>
    <ClInclude Include="vanilla\misc.h">
      <Filter>Header Files</Filter>
    </ClInclude>
    <ClInclude Include="vanilla\modarith.h">
      <Filter>Header Files</Filter>
    </ClInclude>
    <ClInclude Include="vanilla\modes.h">
      <Filter>Header Files</Filter>
    </ClInclude>
    <ClInclude Include="vanilla\modexppc.h">
      <Filter>Header Files</Filter>
    </ClInclude>
    <ClInclude Include="vanilla\mqueue.h">
      <Filter>Header Files</Filter>
    </ClInclude>
    <ClInclude Include="vanilla\mqv.h">
      <Filter>Header Files</Filter>
    </ClInclude>
    <ClInclude Include="vanilla\nbtheory.h">
      <Filter>Header Files</Filter>
    </ClInclude>
    <ClInclude Include="vanilla\network.h">
      <Filter>Header Files</Filter>
    </ClInclude>
    <ClInclude Include="vanilla\nr.h">
      <Filter>Header Files</Filter>
    </ClInclude>
    <ClInclude Include="vanilla\oaep.h">
      <Filter>Header Files</Filter>
    </ClInclude>
    <ClInclude Include="vanilla\oids.h">
      <Filter>Header Files</Filter>
    </ClInclude>
    <ClInclude Include="vanilla\osrng.h">
      <Filter>Header Files</Filter>
    </ClInclude>
    <ClInclude Include="vanilla\panama.h">
      <Filter>Header Files</Filter>
    </ClInclude>
    <ClInclude Include="vanilla\pch.h">
      <Filter>Header Files</Filter>
    </ClInclude>
    <ClInclude Include="vanilla\pkcspad.h">
      <Filter>Header Files</Filter>
    </ClInclude>
    <ClInclude Include="vanilla\polynomi.h">
      <Filter>Header Files</Filter>
    </ClInclude>
    <ClInclude Include="vanilla\pssr.h">
      <Filter>Header Files</Filter>
    </ClInclude>
    <ClInclude Include="vanilla\pubkey.h">
      <Filter>Header Files</Filter>
    </ClInclude>
    <ClInclude Include="vanilla\pwdbased.h">
      <Filter>Header Files</Filter>
    </ClInclude>
    <ClInclude Include="vanilla\queue.h">
      <Filter>Header Files</Filter>
    </ClInclude>
    <ClInclude Include="vanilla\rabin.h">
      <Filter>Header Files</Filter>
    </ClInclude>
    <ClInclude Include="vanilla\randpool.h">
      <Filter>Header Files</Filter>
    </ClInclude>
    <ClInclude Include="vanilla\rc2.h">
      <Filter>Header Files</Filter>
    </ClInclude>
    <ClInclude Include="vanilla\rc5.h">
      <Filter>Header Files</Filter>
    </ClInclude>
    <ClInclude Include="vanilla\rc6.h">
      <Filter>Header Files</Filter>
    </ClInclude>
    <ClInclude Include="vanilla\rdrand.h">
      <Filter>Header Files</Filter>
    </ClInclude>
    <ClInclude Include="vanilla\rijndael.h">
      <Filter>Header Files</Filter>
    </ClInclude>
    <ClInclude Include="vanilla\ripemd.h">
      <Filter>Header Files</Filter>
    </ClInclude>
    <ClInclude Include="vanilla\rng.h">
      <Filter>Header Files</Filter>
    </ClInclude>
    <ClInclude Include="vanilla\rsa.h">
      <Filter>Header Files</Filter>
    </ClInclude>
    <ClInclude Include="vanilla\rw.h">
      <Filter>Header Files</Filter>
    </ClInclude>
    <ClInclude Include="vanilla\safer.h">
      <Filter>Header Files</Filter>
    </ClInclude>
    <ClInclude Include="vanilla\salsa.h">
      <Filter>Header Files</Filter>
    </ClInclude>
    <ClInclude Include="vanilla\seal.h">
      <Filter>Header Files</Filter>
    </ClInclude>
    <ClInclude Include="vanilla\secblock.h">
      <Filter>Header Files</Filter>
    </ClInclude>
    <ClInclude Include="vanilla\seckey.h">
      <Filter>Header Files</Filter>
    </ClInclude>
    <ClInclude Include="vanilla\seed.h">
      <Filter>Header Files</Filter>
    </ClInclude>
    <ClInclude Include="vanilla\serpent.h">
      <Filter>Header Files</Filter>
    </ClInclude>
    <ClInclude Include="vanilla\sha.h">
      <Filter>Header Files</Filter>
    </ClInclude>
    <ClInclude Include="vanilla\sha3.h">
      <Filter>Header Files</Filter>
    </ClInclude>
    <ClInclude Include="vanilla\shacal2.h">
      <Filter>Header Files</Filter>
    </ClInclude>
    <ClInclude Include="vanilla\shark.h">
      <Filter>Header Files</Filter>
    </ClInclude>
    <ClInclude Include="vanilla\simple.h">
      <Filter>Header Files</Filter>
    </ClInclude>
    <ClInclude Include="vanilla\skipjack.h">
      <Filter>Header Files</Filter>
    </ClInclude>
    <ClInclude Include="vanilla\smartptr.h">
      <Filter>Header Files</Filter>
    </ClInclude>
    <ClInclude Include="vanilla\socketft.h">
      <Filter>Header Files</Filter>
    </ClInclude>
    <ClInclude Include="vanilla\sosemanuk.h">
      <Filter>Header Files</Filter>
    </ClInclude>
    <ClInclude Include="vanilla\square.h">
      <Filter>Header Files</Filter>
    </ClInclude>
    <ClInclude Include="vanilla\stdcpp.h">
      <Filter>Header Files</Filter>
    </ClInclude>
    <ClInclude Include="vanilla\strciphr.h">
      <Filter>Header Files</Filter>
    </ClInclude>
    <ClInclude Include="vanilla\tea.h">
      <Filter>Header Files</Filter>
    </ClInclude>
    <ClInclude Include="vanilla\tiger.h">
      <Filter>Header Files</Filter>
    </ClInclude>
    <ClInclude Include="vanilla\trap.h">
      <Filter>Header Files</Filter>
    </ClInclude>
    <ClInclude Include="vanilla\trdlocal.h">
      <Filter>Header Files</Filter>
    </ClInclude>
    <ClInclude Include="vanilla\trunhash.h">
      <Filter>Header Files</Filter>
    </ClInclude>
    <ClInclude Include="vanilla\ttmac.h">
      <Filter>Header Files</Filter>
    </ClInclude>
    <ClInclude Include="vanilla\twofish.h">
      <Filter>Header Files</Filter>
    </ClInclude>
    <ClInclude Include="vanilla\vmac.h">
      <Filter>Header Files</Filter>
    </ClInclude>
    <ClInclude Include="vanilla\wait.h">
      <Filter>Header Files</Filter>
    </ClInclude>
    <ClInclude Include="vanilla\wake.h">
      <Filter>Header Files</Filter>
    </ClInclude>
    <ClInclude Include="vanilla\whrlpool.h">
      <Filter>Header Files</Filter>
    </ClInclude>
    <ClInclude Include="vanilla\winpipes.h">
      <Filter>Header Files</Filter>
    </ClInclude>
    <ClInclude Include="vanilla\words.h">
      <Filter>Header Files</Filter>
    </ClInclude>
    <ClInclude Include="vanilla\xtr.h">
      <Filter>Header Files</Filter>
    </ClInclude>
    <ClInclude Include="vanilla\xtrcrypt.h">
      <Filter>Header Files</Filter>
    </ClInclude>
    <ClInclude Include="vanilla\zdeflate.h">
      <Filter>Header Files</Filter>
    </ClInclude>
    <ClInclude Include="vanilla\zinflate.h">
      <Filter>Header Files</Filter>
    </ClInclude>
    <ClInclude Include="vanilla\zlib.h">
      <Filter>Header Files</Filter>
    </ClInclude>
    <ClInclude Include="vanilla\chacha.h">
      <Filter>Header Files</Filter>
    </ClInclude>
  </ItemGroup>
  <ItemGroup>
    <CustomBuild Include="vanilla\adhoc.cpp.proto">
      <Filter>Source Files</Filter>
    </CustomBuild>
    <CustomBuild Include="vanilla\rdrand.asm">
      <Filter>Source Files</Filter>
    </CustomBuild>
  </ItemGroup>
</Project>